// !$*UTF8*$!
{
	archiveVersion = 1;
	classes = {
	};
	objectVersion = 56;
	objects = {

/* Begin PBXBuildFile section */
		223B1F162BCED61E00C8FC4B /* UIKit.framework in Frameworks */ = {isa = PBXBuildFile; fileRef = 223B1F152BCED61E00C8FC4B /* UIKit.framework */; };
		223B1F182BCED62F00C8FC4B /* Foundation.framework in Frameworks */ = {isa = PBXBuildFile; fileRef = 223B1F172BCED62F00C8FC4B /* Foundation.framework */; };
		223B1F1C2BCF671C00C8FC4B /* FindElement.swift in Sources */ = {isa = PBXBuildFile; fileRef = 223B1F1B2BCF671C00C8FC4B /* FindElement.swift */; };
		22698FAF2B995C0D0093A2BD /* hank_dump_hierarchyApp.swift in Sources */ = {isa = PBXBuildFile; fileRef = 22698FAE2B995C0D0093A2BD /* hank_dump_hierarchyApp.swift */; };
		22698FB12B995C0D0093A2BD /* ContentView.swift in Sources */ = {isa = PBXBuildFile; fileRef = 22698FB02B995C0D0093A2BD /* ContentView.swift */; };
		22698FB32B995C110093A2BD /* Assets.xcassets in Resources */ = {isa = PBXBuildFile; fileRef = 22698FB22B995C110093A2BD /* Assets.xcassets */; };
		22698FB62B995C110093A2BD /* Preview Assets.xcassets in Resources */ = {isa = PBXBuildFile; fileRef = 22698FB52B995C110093A2BD /* Preview Assets.xcassets */; };
		22698FC02B995C110093A2BD /* hank_dump_hierarchyTests.swift in Sources */ = {isa = PBXBuildFile; fileRef = 22698FBF2B995C110093A2BD /* hank_dump_hierarchyTests.swift */; };
		22698FCA2B995C120093A2BD /* hank_dump_hierarchyUITests.swift in Sources */ = {isa = PBXBuildFile; fileRef = 22698FC92B995C120093A2BD /* hank_dump_hierarchyUITests.swift */; };
		22698FCC2B995C120093A2BD /* hank_dump_hierarchyUITestsLaunchTests.swift in Sources */ = {isa = PBXBuildFile; fileRef = 22698FCB2B995C120093A2BD /* hank_dump_hierarchyUITestsLaunchTests.swift */; };
		22698FDA2B9961B00093A2BD /* Algorithms in Frameworks */ = {isa = PBXBuildFile; productRef = 22698FD92B9961B00093A2BD /* Algorithms */; };
		22F9D3492B99BD920002A004 /* CocoaAsyncSocket in Frameworks */ = {isa = PBXBuildFile; productRef = 22F9D3482B99BD920002A004 /* CocoaAsyncSocket */; };
		22F9D34B2B99BF940002A004 /* CocoaAsyncSocket in Frameworks */ = {isa = PBXBuildFile; productRef = 22F9D34A2B99BF940002A004 /* CocoaAsyncSocket */; };
		22F9D34D2B99C0030002A004 /* CocoaAsyncSocket in Frameworks */ = {isa = PBXBuildFile; productRef = 22F9D34C2B99C0030002A004 /* CocoaAsyncSocket */; };
/* End PBXBuildFile section */

/* Begin PBXContainerItemProxy section */
		22698FBC2B995C110093A2BD /* PBXContainerItemProxy */ = {
			isa = PBXContainerItemProxy;
			containerPortal = 22698FA32B995C0D0093A2BD /* Project object */;
			proxyType = 1;
			remoteGlobalIDString = 22698FAA2B995C0D0093A2BD;
			remoteInfo = hank.dump_hierarchy;
		};
		22698FC62B995C120093A2BD /* PBXContainerItemProxy */ = {
			isa = PBXContainerItemProxy;
			containerPortal = 22698FA32B995C0D0093A2BD /* Project object */;
			proxyType = 1;
			remoteGlobalIDString = 22698FAA2B995C0D0093A2BD;
			remoteInfo = hank.dump_hierarchy;
		};
/* End PBXContainerItemProxy section */

/* Begin PBXFileReference section */
		223B1F152BCED61E00C8FC4B /* UIKit.framework */ = {isa = PBXFileReference; lastKnownFileType = wrapper.framework; name = UIKit.framework; path = Platforms/MacOSX.platform/Developer/SDKs/MacOSX14.2.sdk/System/iOSSupport/System/Library/Frameworks/UIKit.framework; sourceTree = DEVELOPER_DIR; };
		223B1F172BCED62F00C8FC4B /* Foundation.framework */ = {isa = PBXFileReference; lastKnownFileType = wrapper.framework; name = Foundation.framework; path = Platforms/MacOSX.platform/Developer/SDKs/MacOSX14.2.sdk/System/Library/Frameworks/Foundation.framework; sourceTree = DEVELOPER_DIR; };
		223B1F1B2BCF671C00C8FC4B /* FindElement.swift */ = {isa = PBXFileReference; lastKnownFileType = sourcecode.swift; path = FindElement.swift; sourceTree = "<group>"; };
		22698FAB2B995C0D0093A2BD /* hank.dump_hierarchy.app */ = {isa = PBXFileReference; explicitFileType = wrapper.application; includeInIndex = 0; path = hank.dump_hierarchy.app; sourceTree = BUILT_PRODUCTS_DIR; };
		22698FAE2B995C0D0093A2BD /* hank_dump_hierarchyApp.swift */ = {isa = PBXFileReference; lastKnownFileType = sourcecode.swift; path = hank_dump_hierarchyApp.swift; sourceTree = "<group>"; };
		22698FB02B995C0D0093A2BD /* ContentView.swift */ = {isa = PBXFileReference; lastKnownFileType = sourcecode.swift; path = ContentView.swift; sourceTree = "<group>"; };
		22698FB22B995C110093A2BD /* Assets.xcassets */ = {isa = PBXFileReference; lastKnownFileType = folder.assetcatalog; path = Assets.xcassets; sourceTree = "<group>"; };
		22698FB52B995C110093A2BD /* Preview Assets.xcassets */ = {isa = PBXFileReference; lastKnownFileType = folder.assetcatalog; path = "Preview Assets.xcassets"; sourceTree = "<group>"; };
		22698FBB2B995C110093A2BD /* hank.dump_hierarchyTests.xctest */ = {isa = PBXFileReference; explicitFileType = wrapper.cfbundle; includeInIndex = 0; path = hank.dump_hierarchyTests.xctest; sourceTree = BUILT_PRODUCTS_DIR; };
		22698FBF2B995C110093A2BD /* hank_dump_hierarchyTests.swift */ = {isa = PBXFileReference; lastKnownFileType = sourcecode.swift; path = hank_dump_hierarchyTests.swift; sourceTree = "<group>"; };
		22698FC52B995C120093A2BD /* hank.dump_hierarchyUITests.xctest */ = {isa = PBXFileReference; explicitFileType = wrapper.cfbundle; includeInIndex = 0; path = hank.dump_hierarchyUITests.xctest; sourceTree = BUILT_PRODUCTS_DIR; };
		22698FC92B995C120093A2BD /* hank_dump_hierarchyUITests.swift */ = {isa = PBXFileReference; lastKnownFileType = sourcecode.swift; path = hank_dump_hierarchyUITests.swift; sourceTree = "<group>"; };
		22698FCB2B995C120093A2BD /* hank_dump_hierarchyUITestsLaunchTests.swift */ = {isa = PBXFileReference; lastKnownFileType = sourcecode.swift; path = hank_dump_hierarchyUITestsLaunchTests.swift; sourceTree = "<group>"; };
/* End PBXFileReference section */

/* Begin PBXFrameworksBuildPhase section */
		22698FA82B995C0D0093A2BD /* Frameworks */ = {
			isa = PBXFrameworksBuildPhase;
			buildActionMask = 2147483647;
			files = (
				22F9D3492B99BD920002A004 /* CocoaAsyncSocket in Frameworks */,
				22698FDA2B9961B00093A2BD /* Algorithms in Frameworks */,
			);
			runOnlyForDeploymentPostprocessing = 0;
		};
		22698FB82B995C110093A2BD /* Frameworks */ = {
			isa = PBXFrameworksBuildPhase;
			buildActionMask = 2147483647;
			files = (
				22F9D34D2B99C0030002A004 /* CocoaAsyncSocket in Frameworks */,
			);
			runOnlyForDeploymentPostprocessing = 0;
		};
		22698FC22B995C120093A2BD /* Frameworks */ = {
			isa = PBXFrameworksBuildPhase;
			buildActionMask = 2147483647;
			files = (
				223B1F182BCED62F00C8FC4B /* Foundation.framework in Frameworks */,
				223B1F162BCED61E00C8FC4B /* UIKit.framework in Frameworks */,
				22F9D34B2B99BF940002A004 /* CocoaAsyncSocket in Frameworks */,
			);
			runOnlyForDeploymentPostprocessing = 0;
		};
/* End PBXFrameworksBuildPhase section */

/* Begin PBXGroup section */
		223B1F142BCED61E00C8FC4B /* Frameworks */ = {
			isa = PBXGroup;
			children = (
				223B1F172BCED62F00C8FC4B /* Foundation.framework */,
				223B1F152BCED61E00C8FC4B /* UIKit.framework */,
			);
			name = Frameworks;
			sourceTree = "<group>";
		};
		22698FA22B995C0D0093A2BD = {
			isa = PBXGroup;
			children = (
				22698FAD2B995C0D0093A2BD /* hank.dump_hierarchy */,
				22698FBE2B995C110093A2BD /* hank.dump_hierarchyTests */,
				22698FC82B995C120093A2BD /* hank.dump_hierarchyUITests */,
				22698FAC2B995C0D0093A2BD /* Products */,
				223B1F142BCED61E00C8FC4B /* Frameworks */,
			);
			sourceTree = "<group>";
		};
		22698FAC2B995C0D0093A2BD /* Products */ = {
			isa = PBXGroup;
			children = (
				22698FAB2B995C0D0093A2BD /* hank.dump_hierarchy.app */,
				22698FBB2B995C110093A2BD /* hank.dump_hierarchyTests.xctest */,
				22698FC52B995C120093A2BD /* hank.dump_hierarchyUITests.xctest */,
			);
			name = Products;
			sourceTree = "<group>";
		};
		22698FAD2B995C0D0093A2BD /* hank.dump_hierarchy */ = {
			isa = PBXGroup;
			children = (
				22698FAE2B995C0D0093A2BD /* hank_dump_hierarchyApp.swift */,
				22698FB02B995C0D0093A2BD /* ContentView.swift */,
				22698FB22B995C110093A2BD /* Assets.xcassets */,
				22698FB42B995C110093A2BD /* Preview Content */,
			);
			path = hank.dump_hierarchy;
			sourceTree = "<group>";
		};
		22698FB42B995C110093A2BD /* Preview Content */ = {
			isa = PBXGroup;
			children = (
				22698FB52B995C110093A2BD /* Preview Assets.xcassets */,
			);
			path = "Preview Content";
			sourceTree = "<group>";
		};
		22698FBE2B995C110093A2BD /* hank.dump_hierarchyTests */ = {
			isa = PBXGroup;
			children = (
				22698FBF2B995C110093A2BD /* hank_dump_hierarchyTests.swift */,
			);
			path = hank.dump_hierarchyTests;
			sourceTree = "<group>";
		};
		22698FC82B995C120093A2BD /* hank.dump_hierarchyUITests */ = {
			isa = PBXGroup;
			children = (
				22698FC92B995C120093A2BD /* hank_dump_hierarchyUITests.swift */,
				22698FCB2B995C120093A2BD /* hank_dump_hierarchyUITestsLaunchTests.swift */,
				223B1F1B2BCF671C00C8FC4B /* FindElement.swift */,
			);
			path = hank.dump_hierarchyUITests;
			sourceTree = "<group>";
		};
/* End PBXGroup section */

/* Begin PBXNativeTarget section */
		22698FAA2B995C0D0093A2BD /* hank.dump_hierarchy */ = {
			isa = PBXNativeTarget;
			buildConfigurationList = 22698FCF2B995C120093A2BD /* Build configuration list for PBXNativeTarget "hank.dump_hierarchy" */;
			buildPhases = (
				22698FA72B995C0D0093A2BD /* Sources */,
				22698FA82B995C0D0093A2BD /* Frameworks */,
				22698FA92B995C0D0093A2BD /* Resources */,
			);
			buildRules = (
			);
			dependencies = (
			);
			name = hank.dump_hierarchy;
			packageProductDependencies = (
				22698FD92B9961B00093A2BD /* Algorithms */,
				22F9D3482B99BD920002A004 /* CocoaAsyncSocket */,
			);
			productName = hank.dump_hierarchy;
			productReference = 22698FAB2B995C0D0093A2BD /* hank.dump_hierarchy.app */;
			productType = "com.apple.product-type.application";
		};
		22698FBA2B995C110093A2BD /* hank.dump_hierarchyTests */ = {
			isa = PBXNativeTarget;
			buildConfigurationList = 22698FD22B995C120093A2BD /* Build configuration list for PBXNativeTarget "hank.dump_hierarchyTests" */;
			buildPhases = (
				22698FB72B995C110093A2BD /* Sources */,
				22698FB82B995C110093A2BD /* Frameworks */,
				22698FB92B995C110093A2BD /* Resources */,
			);
			buildRules = (
			);
			dependencies = (
				22698FBD2B995C110093A2BD /* PBXTargetDependency */,
			);
			name = hank.dump_hierarchyTests;
			packageProductDependencies = (
				22F9D34C2B99C0030002A004 /* CocoaAsyncSocket */,
			);
			productName = hank.dump_hierarchyTests;
			productReference = 22698FBB2B995C110093A2BD /* hank.dump_hierarchyTests.xctest */;
			productType = "com.apple.product-type.bundle.unit-test";
		};
		22698FC42B995C120093A2BD /* hank.dump_hierarchyUITests */ = {
			isa = PBXNativeTarget;
			buildConfigurationList = 22698FD52B995C120093A2BD /* Build configuration list for PBXNativeTarget "hank.dump_hierarchyUITests" */;
			buildPhases = (
				22698FC12B995C120093A2BD /* Sources */,
				22698FC22B995C120093A2BD /* Frameworks */,
				22698FC32B995C120093A2BD /* Resources */,
			);
			buildRules = (
			);
			dependencies = (
				22698FC72B995C120093A2BD /* PBXTargetDependency */,
			);
			name = hank.dump_hierarchyUITests;
			packageProductDependencies = (
				22F9D34A2B99BF940002A004 /* CocoaAsyncSocket */,
			);
			productName = hank.dump_hierarchyUITests;
			productReference = 22698FC52B995C120093A2BD /* hank.dump_hierarchyUITests.xctest */;
			productType = "com.apple.product-type.bundle.ui-testing";
		};
/* End PBXNativeTarget section */

/* Begin PBXProject section */
		22698FA32B995C0D0093A2BD /* Project object */ = {
			isa = PBXProject;
			attributes = {
				BuildIndependentTargetsInParallel = 1;
				LastSwiftUpdateCheck = 1510;
				LastUpgradeCheck = 1510;
				TargetAttributes = {
					22698FAA2B995C0D0093A2BD = {
						CreatedOnToolsVersion = 15.1;
					};
					22698FBA2B995C110093A2BD = {
						CreatedOnToolsVersion = 15.1;
						TestTargetID = 22698FAA2B995C0D0093A2BD;
					};
					22698FC42B995C120093A2BD = {
						CreatedOnToolsVersion = 15.1;
						TestTargetID = 22698FAA2B995C0D0093A2BD;
					};
				};
			};
			buildConfigurationList = 22698FA62B995C0D0093A2BD /* Build configuration list for PBXProject "hank.dump_hierarchy" */;
			compatibilityVersion = "Xcode 14.0";
			developmentRegion = en;
			hasScannedForEncodings = 0;
			knownRegions = (
				en,
				Base,
			);
			mainGroup = 22698FA22B995C0D0093A2BD;
			packageReferences = (
				22698FD82B9961AF0093A2BD /* XCRemoteSwiftPackageReference "swift-algorithms" */,
				22F9D3472B99BD920002A004 /* XCRemoteSwiftPackageReference "CocoaAsyncSocket" */,
			);
			productRefGroup = 22698FAC2B995C0D0093A2BD /* Products */;
			projectDirPath = "";
			projectRoot = "";
			targets = (
				22698FAA2B995C0D0093A2BD /* hank.dump_hierarchy */,
				22698FBA2B995C110093A2BD /* hank.dump_hierarchyTests */,
				22698FC42B995C120093A2BD /* hank.dump_hierarchyUITests */,
			);
		};
/* End PBXProject section */

/* Begin PBXResourcesBuildPhase section */
		22698FA92B995C0D0093A2BD /* Resources */ = {
			isa = PBXResourcesBuildPhase;
			buildActionMask = 2147483647;
			files = (
				22698FB62B995C110093A2BD /* Preview Assets.xcassets in Resources */,
				22698FB32B995C110093A2BD /* Assets.xcassets in Resources */,
			);
			runOnlyForDeploymentPostprocessing = 0;
		};
		22698FB92B995C110093A2BD /* Resources */ = {
			isa = PBXResourcesBuildPhase;
			buildActionMask = 2147483647;
			files = (
			);
			runOnlyForDeploymentPostprocessing = 0;
		};
		22698FC32B995C120093A2BD /* Resources */ = {
			isa = PBXResourcesBuildPhase;
			buildActionMask = 2147483647;
			files = (
			);
			runOnlyForDeploymentPostprocessing = 0;
		};
/* End PBXResourcesBuildPhase section */

/* Begin PBXSourcesBuildPhase section */
		22698FA72B995C0D0093A2BD /* Sources */ = {
			isa = PBXSourcesBuildPhase;
			buildActionMask = 2147483647;
			files = (
				22698FB12B995C0D0093A2BD /* ContentView.swift in Sources */,
				22698FAF2B995C0D0093A2BD /* hank_dump_hierarchyApp.swift in Sources */,
			);
			runOnlyForDeploymentPostprocessing = 0;
		};
		22698FB72B995C110093A2BD /* Sources */ = {
			isa = PBXSourcesBuildPhase;
			buildActionMask = 2147483647;
			files = (
				22698FC02B995C110093A2BD /* hank_dump_hierarchyTests.swift in Sources */,
			);
			runOnlyForDeploymentPostprocessing = 0;
		};
		22698FC12B995C120093A2BD /* Sources */ = {
			isa = PBXSourcesBuildPhase;
			buildActionMask = 2147483647;
			files = (
				223B1F1C2BCF671C00C8FC4B /* FindElement.swift in Sources */,
				22698FCC2B995C120093A2BD /* hank_dump_hierarchyUITestsLaunchTests.swift in Sources */,
				22698FCA2B995C120093A2BD /* hank_dump_hierarchyUITests.swift in Sources */,
			);
			runOnlyForDeploymentPostprocessing = 0;
		};
/* End PBXSourcesBuildPhase section */

/* Begin PBXTargetDependency section */
		22698FBD2B995C110093A2BD /* PBXTargetDependency */ = {
			isa = PBXTargetDependency;
			target = 22698FAA2B995C0D0093A2BD /* hank.dump_hierarchy */;
			targetProxy = 22698FBC2B995C110093A2BD /* PBXContainerItemProxy */;
		};
		22698FC72B995C120093A2BD /* PBXTargetDependency */ = {
			isa = PBXTargetDependency;
			target = 22698FAA2B995C0D0093A2BD /* hank.dump_hierarchy */;
			targetProxy = 22698FC62B995C120093A2BD /* PBXContainerItemProxy */;
		};
/* End PBXTargetDependency section */

/* Begin XCBuildConfiguration section */
		22698FCD2B995C120093A2BD /* Debug */ = {
			isa = XCBuildConfiguration;
			buildSettings = {
				ALWAYS_SEARCH_USER_PATHS = NO;
				ASSETCATALOG_COMPILER_GENERATE_SWIFT_ASSET_SYMBOL_EXTENSIONS = YES;
				CLANG_ANALYZER_NONNULL = YES;
				CLANG_ANALYZER_NUMBER_OBJECT_CONVERSION = YES_AGGRESSIVE;
				CLANG_CXX_LANGUAGE_STANDARD = "gnu++20";
				CLANG_ENABLE_MODULES = YES;
				CLANG_ENABLE_OBJC_ARC = YES;
				CLANG_ENABLE_OBJC_WEAK = YES;
				CLANG_WARN_BLOCK_CAPTURE_AUTORELEASING = YES;
				CLANG_WARN_BOOL_CONVERSION = YES;
				CLANG_WARN_COMMA = YES;
				CLANG_WARN_CONSTANT_CONVERSION = YES;
				CLANG_WARN_DEPRECATED_OBJC_IMPLEMENTATIONS = YES;
				CLANG_WARN_DIRECT_OBJC_ISA_USAGE = YES_ERROR;
				CLANG_WARN_DOCUMENTATION_COMMENTS = YES;
				CLANG_WARN_EMPTY_BODY = YES;
				CLANG_WARN_ENUM_CONVERSION = YES;
				CLANG_WARN_INFINITE_RECURSION = YES;
				CLANG_WARN_INT_CONVERSION = YES;
				CLANG_WARN_NON_LITERAL_NULL_CONVERSION = YES;
				CLANG_WARN_OBJC_IMPLICIT_RETAIN_SELF = YES;
				CLANG_WARN_OBJC_LITERAL_CONVERSION = YES;
				CLANG_WARN_OBJC_ROOT_CLASS = YES_ERROR;
				CLANG_WARN_QUOTED_INCLUDE_IN_FRAMEWORK_HEADER = YES;
				CLANG_WARN_RANGE_LOOP_ANALYSIS = YES;
				CLANG_WARN_STRICT_PROTOTYPES = YES;
				CLANG_WARN_SUSPICIOUS_MOVE = YES;
				CLANG_WARN_UNGUARDED_AVAILABILITY = YES_AGGRESSIVE;
				CLANG_WARN_UNREACHABLE_CODE = YES;
				CLANG_WARN__DUPLICATE_METHOD_MATCH = YES;
				COPY_PHASE_STRIP = NO;
				DEBUG_INFORMATION_FORMAT = dwarf;
				ENABLE_STRICT_OBJC_MSGSEND = YES;
				ENABLE_TESTABILITY = YES;
				ENABLE_USER_SCRIPT_SANDBOXING = YES;
				GCC_C_LANGUAGE_STANDARD = gnu17;
				GCC_DYNAMIC_NO_PIC = NO;
				GCC_NO_COMMON_BLOCKS = YES;
				GCC_OPTIMIZATION_LEVEL = 0;
				GCC_PREPROCESSOR_DEFINITIONS = (
					"DEBUG=1",
					"$(inherited)",
				);
				GCC_WARN_64_TO_32_BIT_CONVERSION = YES;
				GCC_WARN_ABOUT_RETURN_TYPE = YES_ERROR;
				GCC_WARN_UNDECLARED_SELECTOR = YES;
				GCC_WARN_UNINITIALIZED_AUTOS = YES_AGGRESSIVE;
				GCC_WARN_UNUSED_FUNCTION = YES;
				GCC_WARN_UNUSED_VARIABLE = YES;
				IPHONEOS_DEPLOYMENT_TARGET = 17.2;
				LOCALIZATION_PREFERS_STRING_CATALOGS = YES;
				MTL_ENABLE_DEBUG_INFO = INCLUDE_SOURCE;
				MTL_FAST_MATH = YES;
				ONLY_ACTIVE_ARCH = YES;
				SDKROOT = iphoneos;
				SWIFT_ACTIVE_COMPILATION_CONDITIONS = "DEBUG $(inherited)";
				SWIFT_OPTIMIZATION_LEVEL = "-Onone";
			};
			name = Debug;
		};
		22698FCE2B995C120093A2BD /* Release */ = {
			isa = XCBuildConfiguration;
			buildSettings = {
				ALWAYS_SEARCH_USER_PATHS = NO;
				ASSETCATALOG_COMPILER_GENERATE_SWIFT_ASSET_SYMBOL_EXTENSIONS = YES;
				CLANG_ANALYZER_NONNULL = YES;
				CLANG_ANALYZER_NUMBER_OBJECT_CONVERSION = YES_AGGRESSIVE;
				CLANG_CXX_LANGUAGE_STANDARD = "gnu++20";
				CLANG_ENABLE_MODULES = YES;
				CLANG_ENABLE_OBJC_ARC = YES;
				CLANG_ENABLE_OBJC_WEAK = YES;
				CLANG_WARN_BLOCK_CAPTURE_AUTORELEASING = YES;
				CLANG_WARN_BOOL_CONVERSION = YES;
				CLANG_WARN_COMMA = YES;
				CLANG_WARN_CONSTANT_CONVERSION = YES;
				CLANG_WARN_DEPRECATED_OBJC_IMPLEMENTATIONS = YES;
				CLANG_WARN_DIRECT_OBJC_ISA_USAGE = YES_ERROR;
				CLANG_WARN_DOCUMENTATION_COMMENTS = YES;
				CLANG_WARN_EMPTY_BODY = YES;
				CLANG_WARN_ENUM_CONVERSION = YES;
				CLANG_WARN_INFINITE_RECURSION = YES;
				CLANG_WARN_INT_CONVERSION = YES;
				CLANG_WARN_NON_LITERAL_NULL_CONVERSION = YES;
				CLANG_WARN_OBJC_IMPLICIT_RETAIN_SELF = YES;
				CLANG_WARN_OBJC_LITERAL_CONVERSION = YES;
				CLANG_WARN_OBJC_ROOT_CLASS = YES_ERROR;
				CLANG_WARN_QUOTED_INCLUDE_IN_FRAMEWORK_HEADER = YES;
				CLANG_WARN_RANGE_LOOP_ANALYSIS = YES;
				CLANG_WARN_STRICT_PROTOTYPES = YES;
				CLANG_WARN_SUSPICIOUS_MOVE = YES;
				CLANG_WARN_UNGUARDED_AVAILABILITY = YES_AGGRESSIVE;
				CLANG_WARN_UNREACHABLE_CODE = YES;
				CLANG_WARN__DUPLICATE_METHOD_MATCH = YES;
				COPY_PHASE_STRIP = NO;
				DEBUG_INFORMATION_FORMAT = "dwarf-with-dsym";
				ENABLE_NS_ASSERTIONS = NO;
				ENABLE_STRICT_OBJC_MSGSEND = YES;
				ENABLE_USER_SCRIPT_SANDBOXING = YES;
				GCC_C_LANGUAGE_STANDARD = gnu17;
				GCC_NO_COMMON_BLOCKS = YES;
				GCC_WARN_64_TO_32_BIT_CONVERSION = YES;
				GCC_WARN_ABOUT_RETURN_TYPE = YES_ERROR;
				GCC_WARN_UNDECLARED_SELECTOR = YES;
				GCC_WARN_UNINITIALIZED_AUTOS = YES_AGGRESSIVE;
				GCC_WARN_UNUSED_FUNCTION = YES;
				GCC_WARN_UNUSED_VARIABLE = YES;
				IPHONEOS_DEPLOYMENT_TARGET = 17.2;
				LOCALIZATION_PREFERS_STRING_CATALOGS = YES;
				MTL_ENABLE_DEBUG_INFO = NO;
				MTL_FAST_MATH = YES;
				SDKROOT = iphoneos;
				SWIFT_COMPILATION_MODE = wholemodule;
				VALIDATE_PRODUCT = YES;
			};
			name = Release;
		};
		22698FD02B995C120093A2BD /* Debug */ = {
			isa = XCBuildConfiguration;
			buildSettings = {
				ASSETCATALOG_COMPILER_APPICON_NAME = AppIcon;
				ASSETCATALOG_COMPILER_GLOBAL_ACCENT_COLOR_NAME = AccentColor;
				CODE_SIGN_STYLE = Automatic;
				CURRENT_PROJECT_VERSION = 1;
				DEVELOPMENT_ASSET_PATHS = "\"hank.dump_hierarchy/Preview Content\"";
				DEVELOPMENT_TEAM = A6AGM34J8Z;
				ENABLE_PREVIEWS = YES;
				GENERATE_INFOPLIST_FILE = YES;
				INFOPLIST_KEY_CFBundleDisplayName = hank.dump;
				INFOPLIST_KEY_UIApplicationSceneManifest_Generation = YES;
				INFOPLIST_KEY_UIApplicationSupportsIndirectInputEvents = YES;
				INFOPLIST_KEY_UILaunchScreen_Generation = YES;
				INFOPLIST_KEY_UISupportedInterfaceOrientations_iPad = "UIInterfaceOrientationPortrait UIInterfaceOrientationPortraitUpsideDown UIInterfaceOrientationLandscapeLeft UIInterfaceOrientationLandscapeRight";
				INFOPLIST_KEY_UISupportedInterfaceOrientations_iPhone = "UIInterfaceOrientationPortrait UIInterfaceOrientationLandscapeLeft UIInterfaceOrientationLandscapeRight";
				IPHONEOS_DEPLOYMENT_TARGET = 15.2;
				LD_RUNPATH_SEARCH_PATHS = (
					"$(inherited)",
					"@executable_path/Frameworks",
				);
				MARKETING_VERSION = 1.0;
				PRODUCT_BUNDLE_IDENTIFIER = "hank.hank-dump-hierarchy";
				PRODUCT_NAME = "$(TARGET_NAME)";
				SWIFT_EMIT_LOC_STRINGS = YES;
				SWIFT_VERSION = 5.0;
				TARGETED_DEVICE_FAMILY = "1,2";
			};
			name = Debug;
		};
		22698FD12B995C120093A2BD /* Release */ = {
			isa = XCBuildConfiguration;
			buildSettings = {
				ASSETCATALOG_COMPILER_APPICON_NAME = AppIcon;
				ASSETCATALOG_COMPILER_GLOBAL_ACCENT_COLOR_NAME = AccentColor;
				CODE_SIGN_STYLE = Automatic;
				CURRENT_PROJECT_VERSION = 1;
				DEVELOPMENT_ASSET_PATHS = "\"hank.dump_hierarchy/Preview Content\"";
				DEVELOPMENT_TEAM = A6AGM34J8Z;
				ENABLE_PREVIEWS = YES;
				GENERATE_INFOPLIST_FILE = YES;
				INFOPLIST_KEY_CFBundleDisplayName = hank.dump;
				INFOPLIST_KEY_UIApplicationSceneManifest_Generation = YES;
				INFOPLIST_KEY_UIApplicationSupportsIndirectInputEvents = YES;
				INFOPLIST_KEY_UILaunchScreen_Generation = YES;
				INFOPLIST_KEY_UISupportedInterfaceOrientations_iPad = "UIInterfaceOrientationPortrait UIInterfaceOrientationPortraitUpsideDown UIInterfaceOrientationLandscapeLeft UIInterfaceOrientationLandscapeRight";
				INFOPLIST_KEY_UISupportedInterfaceOrientations_iPhone = "UIInterfaceOrientationPortrait UIInterfaceOrientationLandscapeLeft UIInterfaceOrientationLandscapeRight";
				IPHONEOS_DEPLOYMENT_TARGET = 15.2;
				LD_RUNPATH_SEARCH_PATHS = (
					"$(inherited)",
					"@executable_path/Frameworks",
				);
				MARKETING_VERSION = 1.0;
				PRODUCT_BUNDLE_IDENTIFIER = "hank.hank-dump-hierarchy";
				PRODUCT_NAME = "$(TARGET_NAME)";
				SWIFT_EMIT_LOC_STRINGS = YES;
				SWIFT_VERSION = 5.0;
				TARGETED_DEVICE_FAMILY = "1,2";
			};
			name = Release;
		};
		22698FD32B995C120093A2BD /* Debug */ = {
			isa = XCBuildConfiguration;
			buildSettings = {
				ALWAYS_EMBED_SWIFT_STANDARD_LIBRARIES = YES;
				BUNDLE_LOADER = "$(TEST_HOST)";
				CODE_SIGN_STYLE = Automatic;
				CURRENT_PROJECT_VERSION = 1;
				DEVELOPMENT_TEAM = A6AGM34J8Z;
				GENERATE_INFOPLIST_FILE = YES;
				IPHONEOS_DEPLOYMENT_TARGET = 15.2;
				MARKETING_VERSION = 1.0;
				PRODUCT_BUNDLE_IDENTIFIER = "hank.hank-dump-hierarchyTests";
				PRODUCT_NAME = "$(TARGET_NAME)";
				SWIFT_EMIT_LOC_STRINGS = NO;
				SWIFT_VERSION = 5.0;
				TARGETED_DEVICE_FAMILY = "1,2";
				TEST_HOST = "$(BUILT_PRODUCTS_DIR)/hank.dump_hierarchy.app/$(BUNDLE_EXECUTABLE_FOLDER_PATH)/hank.dump_hierarchy";
			};
			name = Debug;
		};
		22698FD42B995C120093A2BD /* Release */ = {
			isa = XCBuildConfiguration;
			buildSettings = {
				ALWAYS_EMBED_SWIFT_STANDARD_LIBRARIES = YES;
				BUNDLE_LOADER = "$(TEST_HOST)";
				CODE_SIGN_STYLE = Automatic;
				CURRENT_PROJECT_VERSION = 1;
				DEVELOPMENT_TEAM = A6AGM34J8Z;
				GENERATE_INFOPLIST_FILE = YES;
				IPHONEOS_DEPLOYMENT_TARGET = 15.2;
				MARKETING_VERSION = 1.0;
				PRODUCT_BUNDLE_IDENTIFIER = "hank.hank-dump-hierarchyTests";
				PRODUCT_NAME = "$(TARGET_NAME)";
				SWIFT_EMIT_LOC_STRINGS = NO;
				SWIFT_VERSION = 5.0;
				TARGETED_DEVICE_FAMILY = "1,2";
				TEST_HOST = "$(BUILT_PRODUCTS_DIR)/hank.dump_hierarchy.app/$(BUNDLE_EXECUTABLE_FOLDER_PATH)/hank.dump_hierarchy";
			};
			name = Release;
		};
		22698FD62B995C120093A2BD /* Debug */ = {
			isa = XCBuildConfiguration;
			buildSettings = {
				ALWAYS_EMBED_SWIFT_STANDARD_LIBRARIES = YES;
				CODE_SIGN_STYLE = Automatic;
				CURRENT_PROJECT_VERSION = 1;
				DEVELOPMENT_TEAM = A6AGM34J8Z;
				GENERATE_INFOPLIST_FILE = YES;
				IPHONEOS_DEPLOYMENT_TARGET = 15.2;
				MARKETING_VERSION = 1.0;
				PRODUCT_BUNDLE_IDENTIFIER = "hank.hank-dump-hierarchyUITests";
				PRODUCT_NAME = "$(TARGET_NAME)";
				SWIFT_EMIT_LOC_STRINGS = NO;
				SWIFT_VERSION = 5.0;
				TARGETED_DEVICE_FAMILY = "1,2";
				TEST_TARGET_NAME = hank.dump_hierarchy;
			};
			name = Debug;
		};
		22698FD72B995C120093A2BD /* Release */ = {
			isa = XCBuildConfiguration;
			buildSettings = {
				ALWAYS_EMBED_SWIFT_STANDARD_LIBRARIES = YES;
				CODE_SIGN_STYLE = Automatic;
				CURRENT_PROJECT_VERSION = 1;
				DEVELOPMENT_TEAM = A6AGM34J8Z;
				GENERATE_INFOPLIST_FILE = YES;
				IPHONEOS_DEPLOYMENT_TARGET = 15.2;
				MARKETING_VERSION = 1.0;
				PRODUCT_BUNDLE_IDENTIFIER = "hank.hank-dump-hierarchyUITests";
				PRODUCT_NAME = "$(TARGET_NAME)";
				SWIFT_EMIT_LOC_STRINGS = NO;
				SWIFT_VERSION = 5.0;
				TARGETED_DEVICE_FAMILY = "1,2";
				TEST_TARGET_NAME = hank.dump_hierarchy;
			};
			name = Release;
		};
/* End XCBuildConfiguration section */

/* Begin XCConfigurationList section */
		22698FA62B995C0D0093A2BD /* Build configuration list for PBXProject "hank.dump_hierarchy" */ = {
			isa = XCConfigurationList;
			buildConfigurations = (
				22698FCD2B995C120093A2BD /* Debug */,
				22698FCE2B995C120093A2BD /* Release */,
			);
			defaultConfigurationIsVisible = 0;
			defaultConfigurationName = Release;
		};
		22698FCF2B995C120093A2BD /* Build configuration list for PBXNativeTarget "hank.dump_hierarchy" */ = {
			isa = XCConfigurationList;
			buildConfigurations = (
				22698FD02B995C120093A2BD /* Debug */,
				22698FD12B995C120093A2BD /* Release */,
			);
			defaultConfigurationIsVisible = 0;
			defaultConfigurationName = Release;
		};
		22698FD22B995C120093A2BD /* Build configuration list for PBXNativeTarget "hank.dump_hierarchyTests" */ = {
			isa = XCConfigurationList;
			buildConfigurations = (
				22698FD32B995C120093A2BD /* Debug */,
				22698FD42B995C120093A2BD /* Release */,
			);
			defaultConfigurationIsVisible = 0;
			defaultConfigurationName = Release;
		};
		22698FD52B995C120093A2BD /* Build configuration list for PBXNativeTarget "hank.dump_hierarchyUITests" */ = {
			isa = XCConfigurationList;
			buildConfigurations = (
				22698FD62B995C120093A2BD /* Debug */,
				22698FD72B995C120093A2BD /* Release */,
			);
			defaultConfigurationIsVisible = 0;
			defaultConfigurationName = Release;
		};
/* End XCConfigurationList section */

/* Begin XCRemoteSwiftPackageReference section */
		22698FD82B9961AF0093A2BD /* XCRemoteSwiftPackageReference "swift-algorithms" */ = {
			isa = XCRemoteSwiftPackageReference;
			repositoryURL = "https://github.com/apple/swift-algorithms.git";
			requirement = {
				kind = upToNextMajorVersion;
				minimumVersion = 1.2.0;
			};
		};
		22F9D3472B99BD920002A004 /* XCRemoteSwiftPackageReference "CocoaAsyncSocket" */ = {
			isa = XCRemoteSwiftPackageReference;
			repositoryURL = "https://github.com/robbiehanson/CocoaAsyncSocket";
			requirement = {
				kind = upToNextMajorVersion;
				minimumVersion = 7.6.5;
			};
		};
/* End XCRemoteSwiftPackageReference section */

/* Begin XCSwiftPackageProductDependency section */
		22698FD92B9961B00093A2BD /* Algorithms */ = {
			isa = XCSwiftPackageProductDependency;
			package = 22698FD82B9961AF0093A2BD /* XCRemoteSwiftPackageReference "swift-algorithms" */;
			productName = Algorithms;
		};
		22F9D3482B99BD920002A004 /* CocoaAsyncSocket */ = {
			isa = XCSwiftPackageProductDependency;
			package = 22F9D3472B99BD920002A004 /* XCRemoteSwiftPackageReference "CocoaAsyncSocket" */;
			productName = CocoaAsyncSocket;
		};
		22F9D34A2B99BF940002A004 /* CocoaAsyncSocket */ = {
			isa = XCSwiftPackageProductDependency;
			package = 22F9D3472B99BD920002A004 /* XCRemoteSwiftPackageReference "CocoaAsyncSocket" */;
			productName = CocoaAsyncSocket;
		};
		22F9D34C2B99C0030002A004 /* CocoaAsyncSocket */ = {
			isa = XCSwiftPackageProductDependency;
			package = 22F9D3472B99BD920002A004 /* XCRemoteSwiftPackageReference "CocoaAsyncSocket" */;
			productName = CocoaAsyncSocket;
		};
/* End XCSwiftPackageProductDependency section */
	};
	rootObject = 22698FA32B995C0D0093A2BD /* Project object */;
}
